
Microsoft Visual Studio Solution File, Format Version 12.00
# Visual Studio Version 16
VisualStudioVersion = 16.0.29911.84
MinimumVisualStudioVersion = 10.0.40219.1
Project("{FAE04EC0-301F-11D3-BF4B-00C04F79EFBC}") = "OOP_Assignment_2", "OOP_Assignment_2\OOP_Assignment_2.csproj", "{3C8557C0-C283-449E-AD05-1D5053A5FA94}"
EndProject
Global
	GlobalSection(SolutionConfigurationPlatforms) = preSolution
		Debug|Any CPU = Debug|Any CPU
		Release|Any CPU = Release|Any CPU
	EndGlobalSection
	GlobalSection(ProjectConfigurationPlatforms) = postSolution
		{3C8557C0-C283-449E-AD05-1D5053A5FA94}.Debug|Any CPU.ActiveCfg = Debug|Any CPU
		{3C8557C0-C283-449E-AD05-1D5053A5FA94}.Debug|Any CPU.Build.0 = Debug|Any CPU
		{3C8557C0-C283-449E-AD05-1D5053A5FA94}.Release|Any CPU.ActiveCfg = Release|Any CPU
		{3C8557C0-C283-449E-AD05-1D5053A5FA94}.Release|Any CPU.Build.0 = Release|Any CPU
	EndGlobalSection
	GlobalSection(SolutionProperties) = preSolution
		HideSolutionNode = FALSE
	EndGlobalSection
	GlobalSection(ExtensibilityGlobals) = postSolution
		SolutionGuid = {7197BB36-569F-4BCA-A8FA-A03EBC4476D5}
	EndGlobalSection
EndGlobal
